// !$*UTF8*$!
{
	archiveVersion = 1;
	classes = {
	};
	objectVersion = 46;
	objects = {

/* Begin PBXBuildFile section */
		BE01FA2F1B7D355100A366EB /* Vertex.swift in Sources */ = {isa = PBXBuildFile; fileRef = BE01FA2E1B7D355100A366EB /* Vertex.swift */; };
		BE01FA311B7D355E00A366EB /* Graph.swift in Sources */ = {isa = PBXBuildFile; fileRef = BE01FA301B7D355E00A366EB /* Graph.swift */; };
		BE01FA331B7D414300A366EB /* Edge.swift in Sources */ = {isa = PBXBuildFile; fileRef = BE01FA321B7D414300A366EB /* Edge.swift */; };
		BE247D821B7C1EF7009D23CA /* AppDelegate.swift in Sources */ = {isa = PBXBuildFile; fileRef = BE247D811B7C1EF7009D23CA /* AppDelegate.swift */; };
		BE247D841B7C1EF7009D23CA /* MasterViewController.swift in Sources */ = {isa = PBXBuildFile; fileRef = BE247D831B7C1EF7009D23CA /* MasterViewController.swift */; };
		BE247D871B7C1EF7009D23CA /* Main.storyboard in Resources */ = {isa = PBXBuildFile; fileRef = BE247D851B7C1EF7009D23CA /* Main.storyboard */; };
		BE247D891B7C1EF7009D23CA /* Images.xcassets in Resources */ = {isa = PBXBuildFile; fileRef = BE247D881B7C1EF7009D23CA /* Images.xcassets */; };
		BE247D8C1B7C1EF7009D23CA /* LaunchScreen.xib in Resources */ = {isa = PBXBuildFile; fileRef = BE247D8A1B7C1EF7009D23CA /* LaunchScreen.xib */; };
		BE247D981B7C1EF7009D23CA /* DataStructuresInSwiftTests.swift in Sources */ = {isa = PBXBuildFile; fileRef = BE247D971B7C1EF7009D23CA /* DataStructuresInSwiftTests.swift */; };
		BE247DA41B7C1F6C009D23CA /* LLNode.swift in Sources */ = {isa = PBXBuildFile; fileRef = BE247DA31B7C1F6C009D23CA /* LLNode.swift */; };
		BE247DA61B7C1F77009D23CA /* LinkedList.swift in Sources */ = {isa = PBXBuildFile; fileRef = BE247DA51B7C1F77009D23CA /* LinkedList.swift */; };
		BE247DAB1B7C286F009D23CA /* AVLTree.swift in Sources */ = {isa = PBXBuildFile; fileRef = BE247DAA1B7C286F009D23CA /* AVLTree.swift */; };
		BEC4D7B21B7D1C5E00C6877C /* QNode.swift in Sources */ = {isa = PBXBuildFile; fileRef = BEC4D7B11B7D1C5E00C6877C /* QNode.swift */; };
		BEC4D7B41B7D1CA100C6877C /* Stack.swift in Sources */ = {isa = PBXBuildFile; fileRef = BEC4D7B31B7D1CA100C6877C /* Stack.swift */; };
		BEC4D7B61B7D1CAC00C6877C /* Queue.swift in Sources */ = {isa = PBXBuildFile; fileRef = BEC4D7B51B7D1CAC00C6877C /* Queue.swift */; };
/* End PBXBuildFile section */

/* Begin PBXContainerItemProxy section */
		BE247D921B7C1EF7009D23CA /* PBXContainerItemProxy */ = {
			isa = PBXContainerItemProxy;
			containerPortal = BE247D741B7C1EF7009D23CA /* Project object */;
			proxyType = 1;
			remoteGlobalIDString = BE247D7B1B7C1EF7009D23CA;
			remoteInfo = DataStructuresInSwift;
		};
/* End PBXContainerItemProxy section */

/* Begin PBXFileReference section */
		BE01FA2E1B7D355100A366EB /* Vertex.swift */ = {isa = PBXFileReference; fileEncoding = 4; lastKnownFileType = sourcecode.swift; path = Vertex.swift; sourceTree = "<group>"; };
		BE01FA301B7D355E00A366EB /* Graph.swift */ = {isa = PBXFileReference; fileEncoding = 4; lastKnownFileType = sourcecode.swift; path = Graph.swift; sourceTree = "<group>"; };
		BE01FA321B7D414300A366EB /* Edge.swift */ = {isa = PBXFileReference; fileEncoding = 4; lastKnownFileType = sourcecode.swift; path = Edge.swift; sourceTree = "<group>"; };
		BE247D7C1B7C1EF7009D23CA /* DataStructuresInSwift.app */ = {isa = PBXFileReference; explicitFileType = wrapper.application; includeInIndex = 0; path = DataStructuresInSwift.app; sourceTree = BUILT_PRODUCTS_DIR; };
		BE247D801B7C1EF7009D23CA /* Info.plist */ = {isa = PBXFileReference; lastKnownFileType = text.plist.xml; path = Info.plist; sourceTree = "<group>"; };
		BE247D811B7C1EF7009D23CA /* AppDelegate.swift */ = {isa = PBXFileReference; lastKnownFileType = sourcecode.swift; path = AppDelegate.swift; sourceTree = "<group>"; };
		BE247D831B7C1EF7009D23CA /* MasterViewController.swift */ = {isa = PBXFileReference; lastKnownFileType = sourcecode.swift; path = MasterViewController.swift; sourceTree = "<group>"; };
		BE247D861B7C1EF7009D23CA /* Base */ = {isa = PBXFileReference; lastKnownFileType = file.storyboard; name = Base; path = Base.lproj/Main.storyboard; sourceTree = "<group>"; };
		BE247D881B7C1EF7009D23CA /* Images.xcassets */ = {isa = PBXFileReference; lastKnownFileType = folder.assetcatalog; path = Images.xcassets; sourceTree = "<group>"; };
		BE247D8B1B7C1EF7009D23CA /* Base */ = {isa = PBXFileReference; lastKnownFileType = file.xib; name = Base; path = Base.lproj/LaunchScreen.xib; sourceTree = "<group>"; };
		BE247D911B7C1EF7009D23CA /* DataStructuresInSwiftTests.xctest */ = {isa = PBXFileReference; explicitFileType = wrapper.cfbundle; includeInIndex = 0; path = DataStructuresInSwiftTests.xctest; sourceTree = BUILT_PRODUCTS_DIR; };
		BE247D961B7C1EF7009D23CA /* Info.plist */ = {isa = PBXFileReference; lastKnownFileType = text.plist.xml; path = Info.plist; sourceTree = "<group>"; };
		BE247D971B7C1EF7009D23CA /* DataStructuresInSwiftTests.swift */ = {isa = PBXFileReference; lastKnownFileType = sourcecode.swift; path = DataStructuresInSwiftTests.swift; sourceTree = "<group>"; };
		BE247DA31B7C1F6C009D23CA /* LLNode.swift */ = {isa = PBXFileReference; fileEncoding = 4; lastKnownFileType = sourcecode.swift; path = LLNode.swift; sourceTree = "<group>"; };
		BE247DA51B7C1F77009D23CA /* LinkedList.swift */ = {isa = PBXFileReference; fileEncoding = 4; lastKnownFileType = sourcecode.swift; path = LinkedList.swift; sourceTree = "<group>"; };
		BE247DAA1B7C286F009D23CA /* AVLTree.swift */ = {isa = PBXFileReference; fileEncoding = 4; lastKnownFileType = sourcecode.swift; path = AVLTree.swift; sourceTree = "<group>"; };
		BEC4D7B11B7D1C5E00C6877C /* QNode.swift */ = {isa = PBXFileReference; fileEncoding = 4; lastKnownFileType = sourcecode.swift; path = QNode.swift; sourceTree = "<group>"; };
		BEC4D7B31B7D1CA100C6877C /* Stack.swift */ = {isa = PBXFileReference; fileEncoding = 4; lastKnownFileType = sourcecode.swift; path = Stack.swift; sourceTree = "<group>"; };
		BEC4D7B51B7D1CAC00C6877C /* Queue.swift */ = {isa = PBXFileReference; fileEncoding = 4; lastKnownFileType = sourcecode.swift; path = Queue.swift; sourceTree = "<group>"; };
/* End PBXFileReference section */

/* Begin PBXFrameworksBuildPhase section */
		BE247D791B7C1EF7009D23CA /* Frameworks */ = {
			isa = PBXFrameworksBuildPhase;
			buildActionMask = 2147483647;
			files = (
			);
			runOnlyForDeploymentPostprocessing = 0;
		};
		BE247D8E1B7C1EF7009D23CA /* Frameworks */ = {
			isa = PBXFrameworksBuildPhase;
			buildActionMask = 2147483647;
			files = (
			);
			runOnlyForDeploymentPostprocessing = 0;
		};
/* End PBXFrameworksBuildPhase section */

/* Begin PBXGroup section */
		BE01FA341B7D41FF00A366EB /* Graph */ = {
			isa = PBXGroup;
			children = (
				BE01FA2E1B7D355100A366EB /* Vertex.swift */,
				BE01FA321B7D414300A366EB /* Edge.swift */,
			);
			name = Graph;
			sourceTree = "<group>";
		};
		BE247D731B7C1EF7009D23CA = {
			isa = PBXGroup;
			children = (
				BE247D7E1B7C1EF7009D23CA /* DataStructuresInSwift */,
				BE247D941B7C1EF7009D23CA /* DataStructuresInSwiftTests */,
				BE247D7D1B7C1EF7009D23CA /* Products */,
			);
			sourceTree = "<group>";
		};
		BE247D7D1B7C1EF7009D23CA /* Products */ = {
			isa = PBXGroup;
			children = (
				BE247D7C1B7C1EF7009D23CA /* DataStructuresInSwift.app */,
				BE247D911B7C1EF7009D23CA /* DataStructuresInSwiftTests.xctest */,
			);
			name = Products;
			sourceTree = "<group>";
		};
		BE247D7E1B7C1EF7009D23CA /* DataStructuresInSwift */ = {
			isa = PBXGroup;
			children = (
				BE247D811B7C1EF7009D23CA /* AppDelegate.swift */,
				BE247DA21B7C1F21009D23CA /* DataStructure */,
				BE247DA11B7C1F0F009D23CA /* Controller */,
				BE247D851B7C1EF7009D23CA /* Main.storyboard */,
				BE247D881B7C1EF7009D23CA /* Images.xcassets */,
				BE247D8A1B7C1EF7009D23CA /* LaunchScreen.xib */,
				BE247D7F1B7C1EF7009D23CA /* Supporting Files */,
			);
			path = DataStructuresInSwift;
			sourceTree = "<group>";
		};
		BE247D7F1B7C1EF7009D23CA /* Supporting Files */ = {
			isa = PBXGroup;
			children = (
				BE247D801B7C1EF7009D23CA /* Info.plist */,
			);
			name = "Supporting Files";
			sourceTree = "<group>";
		};
		BE247D941B7C1EF7009D23CA /* DataStructuresInSwiftTests */ = {
			isa = PBXGroup;
			children = (
				BE247D971B7C1EF7009D23CA /* DataStructuresInSwiftTests.swift */,
				BE247D951B7C1EF7009D23CA /* Supporting Files */,
			);
			path = DataStructuresInSwiftTests;
			sourceTree = "<group>";
		};
		BE247D951B7C1EF7009D23CA /* Supporting Files */ = {
			isa = PBXGroup;
			children = (
				BE247D961B7C1EF7009D23CA /* Info.plist */,
			);
			name = "Supporting Files";
			sourceTree = "<group>";
		};
		BE247DA11B7C1F0F009D23CA /* Controller */ = {
			isa = PBXGroup;
			children = (
				BE247D831B7C1EF7009D23CA /* MasterViewController.swift */,
			);
			name = Controller;
			sourceTree = "<group>";
		};
		BE247DA21B7C1F21009D23CA /* DataStructure */ = {
			isa = PBXGroup;
			children = (
				BEC4D7B01B7D1C3F00C6877C /* Factories */,
				BE247DA71B7C1FB0009D23CA /* Structures */,
			);
			name = DataStructure;
			sourceTree = "<group>";
		};
		BE247DA71B7C1FB0009D23CA /* Structures */ = {
			isa = PBXGroup;
			children = (
				BE247DA31B7C1F6C009D23CA /* LLNode.swift */,
				BEC4D7B11B7D1C5E00C6877C /* QNode.swift */,
				BE247DAA1B7C286F009D23CA /* AVLTree.swift */,
				BE01FA341B7D41FF00A366EB /* Graph */,
			);
			name = Structures;
			sourceTree = "<group>";
		};
		BEC4D7B01B7D1C3F00C6877C /* Factories */ = {
			isa = PBXGroup;
			children = (
				BE247DA51B7C1F77009D23CA /* LinkedList.swift */,
				BEC4D7B51B7D1CAC00C6877C /* Queue.swift */,
				BEC4D7B31B7D1CA100C6877C /* Stack.swift */,
				BE01FA301B7D355E00A366EB /* Graph.swift */,
			);
			name = Factories;
			sourceTree = "<group>";
		};
/* End PBXGroup section */

/* Begin PBXNativeTarget section */
		BE247D7B1B7C1EF7009D23CA /* DataStructuresInSwift */ = {
			isa = PBXNativeTarget;
			buildConfigurationList = BE247D9B1B7C1EF7009D23CA /* Build configuration list for PBXNativeTarget "DataStructuresInSwift" */;
			buildPhases = (
				BE247D781B7C1EF7009D23CA /* Sources */,
				BE247D791B7C1EF7009D23CA /* Frameworks */,
				BE247D7A1B7C1EF7009D23CA /* Resources */,
			);
			buildRules = (
			);
			dependencies = (
			);
			name = DataStructuresInSwift;
			productName = DataStructuresInSwift;
			productReference = BE247D7C1B7C1EF7009D23CA /* DataStructuresInSwift.app */;
			productType = "com.apple.product-type.application";
		};
		BE247D901B7C1EF7009D23CA /* DataStructuresInSwiftTests */ = {
			isa = PBXNativeTarget;
			buildConfigurationList = BE247D9E1B7C1EF7009D23CA /* Build configuration list for PBXNativeTarget "DataStructuresInSwiftTests" */;
			buildPhases = (
				BE247D8D1B7C1EF7009D23CA /* Sources */,
				BE247D8E1B7C1EF7009D23CA /* Frameworks */,
				BE247D8F1B7C1EF7009D23CA /* Resources */,
			);
			buildRules = (
			);
			dependencies = (
				BE247D931B7C1EF7009D23CA /* PBXTargetDependency */,
			);
			name = DataStructuresInSwiftTests;
			productName = DataStructuresInSwiftTests;
			productReference = BE247D911B7C1EF7009D23CA /* DataStructuresInSwiftTests.xctest */;
			productType = "com.apple.product-type.bundle.unit-test";
		};
/* End PBXNativeTarget section */

/* Begin PBXProject section */
		BE247D741B7C1EF7009D23CA /* Project object */ = {
			isa = PBXProject;
			attributes = {
				LastUpgradeCheck = 0640;
				ORGANIZATIONNAME = allensu;
				TargetAttributes = {
					BE247D7B1B7C1EF7009D23CA = {
						CreatedOnToolsVersion = 6.4;
					};
					BE247D901B7C1EF7009D23CA = {
						CreatedOnToolsVersion = 6.4;
						TestTargetID = BE247D7B1B7C1EF7009D23CA;
					};
				};
			};
			buildConfigurationList = BE247D771B7C1EF7009D23CA /* Build configuration list for PBXProject "DataStructuresInSwift" */;
			compatibilityVersion = "Xcode 3.2";
			developmentRegion = English;
			hasScannedForEncodings = 0;
			knownRegions = (
				en,
				Base,
			);
			mainGroup = BE247D731B7C1EF7009D23CA;
			productRefGroup = BE247D7D1B7C1EF7009D23CA /* Products */;
			projectDirPath = "";
			projectRoot = "";
			targets = (
				BE247D7B1B7C1EF7009D23CA /* DataStructuresInSwift */,
				BE247D901B7C1EF7009D23CA /* DataStructuresInSwiftTests */,
			);
		};
/* End PBXProject section */

/* Begin PBXResourcesBuildPhase section */
		BE247D7A1B7C1EF7009D23CA /* Resources */ = {
			isa = PBXResourcesBuildPhase;
			buildActionMask = 2147483647;
			files = (
				BE247D871B7C1EF7009D23CA /* Main.storyboard in Resources */,
				BE247D8C1B7C1EF7009D23CA /* LaunchScreen.xib in Resources */,
				BE247D891B7C1EF7009D23CA /* Images.xcassets in Resources */,
			);
			runOnlyForDeploymentPostprocessing = 0;
		};
		BE247D8F1B7C1EF7009D23CA /* Resources */ = {
			isa = PBXResourcesBuildPhase;
			buildActionMask = 2147483647;
			files = (
			);
			runOnlyForDeploymentPostprocessing = 0;
		};
/* End PBXResourcesBuildPhase section */

/* Begin PBXSourcesBuildPhase section */
		BE247D781B7C1EF7009D23CA /* Sources */ = {
			isa = PBXSourcesBuildPhase;
			buildActionMask = 2147483647;
			files = (
				BE01FA331B7D414300A366EB /* Edge.swift in Sources */,
				BE247D841B7C1EF7009D23CA /* MasterViewController.swift in Sources */,
				BE247DAB1B7C286F009D23CA /* AVLTree.swift in Sources */,
				BE01FA2F1B7D355100A366EB /* Vertex.swift in Sources */,
				BEC4D7B41B7D1CA100C6877C /* Stack.swift in Sources */,
				BE01FA311B7D355E00A366EB /* Graph.swift in Sources */,
				BEC4D7B61B7D1CAC00C6877C /* Queue.swift in Sources */,
				BE247DA41B7C1F6C009D23CA /* LLNode.swift in Sources */,
				BE247DA61B7C1F77009D23CA /* LinkedList.swift in Sources */,
				BE247D821B7C1EF7009D23CA /* AppDelegate.swift in Sources */,
				BEC4D7B21B7D1C5E00C6877C /* QNode.swift in Sources */,
			);
			runOnlyForDeploymentPostprocessing = 0;
		};
		BE247D8D1B7C1EF7009D23CA /* Sources */ = {
			isa = PBXSourcesBuildPhase;
			buildActionMask = 2147483647;
			files = (
				BE247D981B7C1EF7009D23CA /* DataStructuresInSwiftTests.swift in Sources */,
			);
			runOnlyForDeploymentPostprocessing = 0;
		};
/* End PBXSourcesBuildPhase section */

/* Begin PBXTargetDependency section */
		BE247D931B7C1EF7009D23CA /* PBXTargetDependency */ = {
			isa = PBXTargetDependency;
			target = BE247D7B1B7C1EF7009D23CA /* DataStructuresInSwift */;
			targetProxy = BE247D921B7C1EF7009D23CA /* PBXContainerItemProxy */;
		};
/* End PBXTargetDependency section */

/* Begin PBXVariantGroup section */
		BE247D851B7C1EF7009D23CA /* Main.storyboard */ = {
			isa = PBXVariantGroup;
			children = (
				BE247D861B7C1EF7009D23CA /* Base */,
			);
			name = Main.storyboard;
			sourceTree = "<group>";
		};
		BE247D8A1B7C1EF7009D23CA /* LaunchScreen.xib */ = {
			isa = PBXVariantGroup;
			children = (
				BE247D8B1B7C1EF7009D23CA /* Base */,
			);
			name = LaunchScreen.xib;
			sourceTree = "<group>";
		};
/* End PBXVariantGroup section */

/* Begin XCBuildConfiguration section */
		BE247D991B7C1EF7009D23CA /* Debug */ = {
			isa = XCBuildConfiguration;
			buildSettings = {
				ALWAYS_SEARCH_USER_PATHS = NO;
				CLANG_CXX_LANGUAGE_STANDARD = "gnu++0x";
				CLANG_CXX_LIBRARY = "libc++";
				CLANG_ENABLE_MODULES = YES;
				CLANG_ENABLE_OBJC_ARC = YES;
				CLANG_WARN_BOOL_CONVERSION = YES;
				CLANG_WARN_CONSTANT_CONVERSION = YES;
				CLANG_WARN_DIRECT_OBJC_ISA_USAGE = YES_ERROR;
				CLANG_WARN_EMPTY_BODY = YES;
				CLANG_WARN_ENUM_CONVERSION = YES;
				CLANG_WARN_INT_CONVERSION = YES;
				CLANG_WARN_OBJC_ROOT_CLASS = YES_ERROR;
				CLANG_WARN_UNREACHABLE_CODE = YES;
				CLANG_WARN__DUPLICATE_METHOD_MATCH = YES;
				"CODE_SIGN_IDENTITY[sdk=iphoneos*]" = "iPhone Developer";
				COPY_PHASE_STRIP = NO;
				DEBUG_INFORMATION_FORMAT = "dwarf-with-dsym";
				ENABLE_STRICT_OBJC_MSGSEND = YES;
				GCC_C_LANGUAGE_STANDARD = gnu99;
				GCC_DYNAMIC_NO_PIC = NO;
				GCC_NO_COMMON_BLOCKS = YES;
				GCC_OPTIMIZATION_LEVEL = 0;
				GCC_PREPROCESSOR_DEFINITIONS = (
					"DEBUG=1",
					"$(inherited)",
				);
				GCC_SYMBOLS_PRIVATE_EXTERN = NO;
				GCC_WARN_64_TO_32_BIT_CONVERSION = YES;
				GCC_WARN_ABOUT_RETURN_TYPE = YES_ERROR;
				GCC_WARN_UNDECLARED_SELECTOR = YES;
				GCC_WARN_UNINITIALIZED_AUTOS = YES_AGGRESSIVE;
				GCC_WARN_UNUSED_FUNCTION = YES;
				GCC_WARN_UNUSED_VARIABLE = YES;
				IPHONEOS_DEPLOYMENT_TARGET = 8.4;
				MTL_ENABLE_DEBUG_INFO = YES;
				ONLY_ACTIVE_ARCH = YES;
				SDKROOT = iphoneos;
				SWIFT_OPTIMIZATION_LEVEL = "-Onone";
			};
			name = Debug;
		};
		BE247D9A1B7C1EF7009D23CA /* Release */ = {
			isa = XCBuildConfiguration;
			buildSettings = {
				ALWAYS_SEARCH_USER_PATHS = NO;
				CLANG_CXX_LANGUAGE_STANDARD = "gnu++0x";
				CLANG_CXX_LIBRARY = "libc++";
				CLANG_ENABLE_MODULES = YES;
				CLANG_ENABLE_OBJC_ARC = YES;
				CLANG_WARN_BOOL_CONVERSION = YES;
				CLANG_WARN_CONSTANT_CONVERSION = YES;
				CLANG_WARN_DIRECT_OBJC_ISA_USAGE = YES_ERROR;
				CLANG_WARN_EMPTY_BODY = YES;
				CLANG_WARN_ENUM_CONVERSION = YES;
				CLANG_WARN_INT_CONVERSION = YES;
				CLANG_WARN_OBJC_ROOT_CLASS = YES_ERROR;
				CLANG_WARN_UNREACHABLE_CODE = YES;
				CLANG_WARN__DUPLICATE_METHOD_MATCH = YES;
				"CODE_SIGN_IDENTITY[sdk=iphoneos*]" = "iPhone Developer";
				COPY_PHASE_STRIP = NO;
				DEBUG_INFORMATION_FORMAT = "dwarf-with-dsym";
				ENABLE_NS_ASSERTIONS = NO;
				ENABLE_STRICT_OBJC_MSGSEND = YES;
				GCC_C_LANGUAGE_STANDARD = gnu99;
				GCC_NO_COMMON_BLOCKS = YES;
				GCC_WARN_64_TO_32_BIT_CONVERSION = YES;
				GCC_WARN_ABOUT_RETURN_TYPE = YES_ERROR;
				GCC_WARN_UNDECLARED_SELECTOR = YES;
				GCC_WARN_UNINITIALIZED_AUTOS = YES_AGGRESSIVE;
				GCC_WARN_UNUSED_FUNCTION = YES;
				GCC_WARN_UNUSED_VARIABLE = YES;
				IPHONEOS_DEPLOYMENT_TARGET = 8.4;
				MTL_ENABLE_DEBUG_INFO = NO;
				SDKROOT = iphoneos;
				VALIDATE_PRODUCT = YES;
			};
			name = Release;
		};
		BE247D9C1B7C1EF7009D23CA /* Debug */ = {
			isa = XCBuildConfiguration;
			buildSettings = {
				ASSETCATALOG_COMPILER_APPICON_NAME = AppIcon;
				INFOPLIST_FILE = DataStructuresInSwift/Info.plist;
				LD_RUNPATH_SEARCH_PATHS = "$(inherited) @executable_path/Frameworks";
				PRODUCT_NAME = "$(TARGET_NAME)";
			};
			name = Debug;
		};
		BE247D9D1B7C1EF7009D23CA /* Release */ = {
			isa = XCBuildConfiguration;
			buildSettings = {
				ASSETCATALOG_COMPILER_APPICON_NAME = AppIcon;
				INFOPLIST_FILE = DataStructuresInSwift/Info.plist;
				LD_RUNPATH_SEARCH_PATHS = "$(inherited) @executable_path/Frameworks";
				PRODUCT_NAME = "$(TARGET_NAME)";
			};
			name = Release;
		};
		BE247D9F1B7C1EF7009D23CA /* Debug */ = {
			isa = XCBuildConfiguration;
			buildSettings = {
				BUNDLE_LOADER = "$(TEST_HOST)";
				FRAMEWORK_SEARCH_PATHS = (
					"$(SDKROOT)/Developer/Library/Frameworks",
					"$(inherited)",
				);
				GCC_PREPROCESSOR_DEFINITIONS = (
					"DEBUG=1",
					"$(inherited)",
				);
				INFOPLIST_FILE = DataStructuresInSwiftTests/Info.plist;
				LD_RUNPATH_SEARCH_PATHS = "$(inherited) @executable_path/Frameworks @loader_path/Frameworks";
				PRODUCT_NAME = "$(TARGET_NAME)";
				TEST_HOST = "$(BUILT_PRODUCTS_DIR)/DataStructuresInSwift.app/DataStructuresInSwift";
			};
			name = Debug;
		};
		BE247DA01B7C1EF7009D23CA /* Release */ = {
			isa = XCBuildConfiguration;
			buildSettings = {
				BUNDLE_LOADER = "$(TEST_HOST)";
				FRAMEWORK_SEARCH_PATHS = (
					"$(SDKROOT)/Developer/Library/Frameworks",
					"$(inherited)",
				);
				INFOPLIST_FILE = DataStructuresInSwiftTests/Info.plist;
				LD_RUNPATH_SEARCH_PATHS = "$(inherited) @executable_path/Frameworks @loader_path/Frameworks";
				PRODUCT_NAME = "$(TARGET_NAME)";
				TEST_HOST = "$(BUILT_PRODUCTS_DIR)/DataStructuresInSwift.app/DataStructuresInSwift";
			};
			name = Release;
		};
/* End XCBuildConfiguration section */

/* Begin XCConfigurationList section */
		BE247D771B7C1EF7009D23CA /* Build configuration list for PBXProject "DataStructuresInSwift" */ = {
			isa = XCConfigurationList;
			buildConfigurations = (
				BE247D991B7C1EF7009D23CA /* Debug */,
				BE247D9A1B7C1EF7009D23CA /* Release */,
			);
			defaultConfigurationIsVisible = 0;
			defaultConfigurationName = Release;
		};
		BE247D9B1B7C1EF7009D23CA /* Build configuration list for PBXNativeTarget "DataStructuresInSwift" */ = {
			isa = XCConfigurationList;
			buildConfigurations = (
				BE247D9C1B7C1EF7009D23CA /* Debug */,
				BE247D9D1B7C1EF7009D23CA /* Release */,
			);
			defaultConfigurationIsVisible = 0;
			defaultConfigurationName = Release;
		};
		BE247D9E1B7C1EF7009D23CA /* Build configuration list for PBXNativeTarget "DataStructuresInSwiftTests" */ = {
			isa = XCConfigurationList;
			buildConfigurations = (
				BE247D9F1B7C1EF7009D23CA /* Debug */,
				BE247DA01B7C1EF7009D23CA /* Release */,
			);
			defaultConfigurationIsVisible = 0;
			defaultConfigurationName = Release;
		};
/* End XCConfigurationList section */
	};
	rootObject = BE247D741B7C1EF7009D23CA /* Project object */;
}
